// !$*UTF8*$!
{
	archiveVersion = 1;
	classes = {
	};
	objectVersion = 46;
	objects = {

/* Begin PBXBuildFile section */
		290AF6C81E95AA3200487D7C /* Media.xcassets in Resources */ = {isa = PBXBuildFile; fileRef = 290AF6C71E95AA3200487D7C /* Media.xcassets */; };
		38426C791E84CB7F003754A0 /* XADDisplaySdk.framework in Frameworks */ = {isa = PBXBuildFile; fileRef = 381E0AEA1E834305009AB5B6 /* XADDisplaySdk.framework */; };
		38426C7A1E84CB7F003754A0 /* XADDisplaySdk.framework in Embed Frameworks */ = {isa = PBXBuildFile; fileRef = 381E0AEA1E834305009AB5B6 /* XADDisplaySdk.framework */; settings = {ATTRIBUTES = (CodeSignOnCopy, RemoveHeadersOnCopy, ); }; };
		B730065C1D6D254D00E77012 /* AppDelegate.swift in Sources */ = {isa = PBXBuildFile; fileRef = B730065B1D6D254D00E77012 /* AppDelegate.swift */; };
		B730065E1D6D254D00E77012 /* ViewController.swift in Sources */ = {isa = PBXBuildFile; fileRef = B730065D1D6D254D00E77012 /* ViewController.swift */; };
		B73006611D6D254D00E77012 /* Main.storyboard in Resources */ = {isa = PBXBuildFile; fileRef = B730065F1D6D254D00E77012 /* Main.storyboard */; };
		B73006631D6D254D00E77012 /* Assets.xcassets in Resources */ = {isa = PBXBuildFile; fileRef = B73006621D6D254D00E77012 /* Assets.xcassets */; };
		B73006661D6D254D00E77012 /* LaunchScreen.storyboard in Resources */ = {isa = PBXBuildFile; fileRef = B73006641D6D254D00E77012 /* LaunchScreen.storyboard */; };
		B7461BA41FA919E3007F8A55 /* GT_Mountain_View_Location.gpx in Resources */ = {isa = PBXBuildFile; fileRef = B7461BA31FA919E3007F8A55 /* GT_Mountain_View_Location.gpx */; };
/* End PBXBuildFile section */

/* Begin PBXContainerItemProxy section */
		381E0AE91E834305009AB5B6 /* PBXContainerItemProxy */ = {
			isa = PBXContainerItemProxy;
			containerPortal = 381E0AE51E834305009AB5B6 /* XADDisplaySdk.xcodeproj */;
			proxyType = 2;
			remoteGlobalIDString = B7A860271D6CED2B00060850;
			remoteInfo = XADDisplaySdk;
		};
		38426C7B1E84CB7F003754A0 /* PBXContainerItemProxy */ = {
			isa = PBXContainerItemProxy;
			containerPortal = 381E0AE51E834305009AB5B6 /* XADDisplaySdk.xcodeproj */;
			proxyType = 1;
			remoteGlobalIDString = B7A860261D6CED2B00060850;
			remoteInfo = XADDisplaySdk;
		};
/* End PBXContainerItemProxy section */

/* Begin PBXCopyFilesBuildPhase section */
		38426C7D1E84CB7F003754A0 /* Embed Frameworks */ = {
			isa = PBXCopyFilesBuildPhase;
			buildActionMask = 2147483647;
			dstPath = "";
			dstSubfolderSpec = 10;
			files = (
				38426C7A1E84CB7F003754A0 /* XADDisplaySdk.framework in Embed Frameworks */,
			);
			name = "Embed Frameworks";
			runOnlyForDeploymentPostprocessing = 0;
		};
/* End PBXCopyFilesBuildPhase section */

/* Begin PBXFileReference section */
		290AF6C71E95AA3200487D7C /* Media.xcassets */ = {isa = PBXFileReference; lastKnownFileType = folder.assetcatalog; name = Media.xcassets; path = ../Media.xcassets; sourceTree = "<group>"; };
		381E0AE51E834305009AB5B6 /* XADDisplaySdk.xcodeproj */ = {isa = PBXFileReference; lastKnownFileType = "wrapper.pb-project"; name = XADDisplaySdk.xcodeproj; path = ../XADDisplaySdk/XADDisplaySdk.xcodeproj; sourceTree = "<group>"; };
		B73006581D6D254D00E77012 /* XADDisplayDemo.app */ = {isa = PBXFileReference; explicitFileType = wrapper.application; includeInIndex = 0; path = XADDisplayDemo.app; sourceTree = BUILT_PRODUCTS_DIR; };
		B730065B1D6D254D00E77012 /* AppDelegate.swift */ = {isa = PBXFileReference; lastKnownFileType = sourcecode.swift; path = AppDelegate.swift; sourceTree = "<group>"; };
		B730065D1D6D254D00E77012 /* ViewController.swift */ = {isa = PBXFileReference; lastKnownFileType = sourcecode.swift; path = ViewController.swift; sourceTree = "<group>"; };
		B73006601D6D254D00E77012 /* Base */ = {isa = PBXFileReference; lastKnownFileType = file.storyboard; name = Base; path = Base.lproj/Main.storyboard; sourceTree = "<group>"; };
		B73006621D6D254D00E77012 /* Assets.xcassets */ = {isa = PBXFileReference; lastKnownFileType = folder.assetcatalog; path = Assets.xcassets; sourceTree = "<group>"; };
		B73006651D6D254D00E77012 /* Base */ = {isa = PBXFileReference; lastKnownFileType = file.storyboard; name = Base; path = Base.lproj/LaunchScreen.storyboard; sourceTree = "<group>"; };
		B73006671D6D254D00E77012 /* Info.plist */ = {isa = PBXFileReference; lastKnownFileType = text.plist.xml; path = Info.plist; sourceTree = "<group>"; };
		B7461BA31FA919E3007F8A55 /* GT_Mountain_View_Location.gpx */ = {isa = PBXFileReference; lastKnownFileType = text; path = GT_Mountain_View_Location.gpx; sourceTree = "<group>"; };
/* End PBXFileReference section */

/* Begin PBXFrameworksBuildPhase section */
		B73006551D6D254D00E77012 /* Frameworks */ = {
			isa = PBXFrameworksBuildPhase;
			buildActionMask = 2147483647;
			files = (
				38426C791E84CB7F003754A0 /* XADDisplaySdk.framework in Frameworks */,
			);
			runOnlyForDeploymentPostprocessing = 0;
		};
/* End PBXFrameworksBuildPhase section */

/* Begin PBXGroup section */
		381E0AE61E834305009AB5B6 /* Products */ = {
			isa = PBXGroup;
			children = (
				381E0AEA1E834305009AB5B6 /* XADDisplaySdk.framework */,
			);
			name = Products;
			sourceTree = "<group>";
		};
		B730064F1D6D254D00E77012 = {
			isa = PBXGroup;
			children = (
				381E0AE51E834305009AB5B6 /* XADDisplaySdk.xcodeproj */,
				B730065A1D6D254D00E77012 /* XADDisplayDemo */,
				B73006591D6D254D00E77012 /* Products */,
			);
			sourceTree = "<group>";
		};
		B73006591D6D254D00E77012 /* Products */ = {
			isa = PBXGroup;
			children = (
				B73006581D6D254D00E77012 /* XADDisplayDemo.app */,
			);
			name = Products;
			sourceTree = "<group>";
		};
		B730065A1D6D254D00E77012 /* XADDisplayDemo */ = {
			isa = PBXGroup;
			children = (
				B730065B1D6D254D00E77012 /* AppDelegate.swift */,
				B730065D1D6D254D00E77012 /* ViewController.swift */,
				B730065F1D6D254D00E77012 /* Main.storyboard */,
				290AF6C71E95AA3200487D7C /* Media.xcassets */,
				B73006621D6D254D00E77012 /* Assets.xcassets */,
				B73006641D6D254D00E77012 /* LaunchScreen.storyboard */,
				B73006671D6D254D00E77012 /* Info.plist */,
				B7461BA31FA919E3007F8A55 /* GT_Mountain_View_Location.gpx */,
			);
			path = XADDisplayDemo;
			sourceTree = "<group>";
		};
/* End PBXGroup section */

/* Begin PBXNativeTarget section */
		B73006571D6D254D00E77012 /* XADDisplayDemo */ = {
			isa = PBXNativeTarget;
			buildConfigurationList = B73006801D6D254D00E77012 /* Build configuration list for PBXNativeTarget "XADDisplayDemo" */;
			buildPhases = (
				B73006541D6D254D00E77012 /* Sources */,
				B73006551D6D254D00E77012 /* Frameworks */,
				B73006561D6D254D00E77012 /* Resources */,
				38426C7D1E84CB7F003754A0 /* Embed Frameworks */,
			);
			buildRules = (
			);
			dependencies = (
				38426C7C1E84CB7F003754A0 /* PBXTargetDependency */,
			);
			name = XADDisplayDemo;
			productName = XADDisplayDemo;
			productReference = B73006581D6D254D00E77012 /* XADDisplayDemo.app */;
			productType = "com.apple.product-type.application";
		};
/* End PBXNativeTarget section */

/* Begin PBXProject section */
		B73006501D6D254D00E77012 /* Project object */ = {
			isa = PBXProject;
			attributes = {
				LastSwiftUpdateCheck = 0730;
				LastUpgradeCheck = 0800;
				ORGANIZATIONNAME = Xad;
				TargetAttributes = {
					B73006571D6D254D00E77012 = {
						CreatedOnToolsVersion = 7.3.1;
						DevelopmentTeam = 7S36YSK9RV;
						LastSwiftMigration = 0810;
						SystemCapabilities = {
							com.apple.ApplicationGroups.iOS = {
								enabled = 0;
							};
							com.apple.BackgroundModes = {
								enabled = 0;
							};
							com.apple.SafariKeychain = {
								enabled = 0;
							};
						};
					};
				};
			};
			buildConfigurationList = B73006531D6D254D00E77012 /* Build configuration list for PBXProject "XADDisplayDemo" */;
			compatibilityVersion = "Xcode 3.2";
			developmentRegion = English;
			hasScannedForEncodings = 0;
			knownRegions = (
				en,
				Base,
			);
			mainGroup = B730064F1D6D254D00E77012;
			productRefGroup = B73006591D6D254D00E77012 /* Products */;
			projectDirPath = "";
			projectReferences = (
				{
					ProductGroup = 381E0AE61E834305009AB5B6 /* Products */;
					ProjectRef = 381E0AE51E834305009AB5B6 /* XADDisplaySdk.xcodeproj */;
				},
			);
			projectRoot = "";
			targets = (
				B73006571D6D254D00E77012 /* XADDisplayDemo */,
			);
		};
/* End PBXProject section */

/* Begin PBXReferenceProxy section */
		381E0AEA1E834305009AB5B6 /* XADDisplaySdk.framework */ = {
			isa = PBXReferenceProxy;
			fileType = wrapper.framework;
			path = XADDisplaySdk.framework;
			remoteRef = 381E0AE91E834305009AB5B6 /* PBXContainerItemProxy */;
			sourceTree = BUILT_PRODUCTS_DIR;
		};
/* End PBXReferenceProxy section */

/* Begin PBXResourcesBuildPhase section */
		B73006561D6D254D00E77012 /* Resources */ = {
			isa = PBXResourcesBuildPhase;
			buildActionMask = 2147483647;
			files = (
				B73006661D6D254D00E77012 /* LaunchScreen.storyboard in Resources */,
				B73006631D6D254D00E77012 /* Assets.xcassets in Resources */,
				290AF6C81E95AA3200487D7C /* Media.xcassets in Resources */,
				B7461BA41FA919E3007F8A55 /* GT_Mountain_View_Location.gpx in Resources */,
				B73006611D6D254D00E77012 /* Main.storyboard in Resources */,
			);
			runOnlyForDeploymentPostprocessing = 0;
		};
/* End PBXResourcesBuildPhase section */

/* Begin PBXSourcesBuildPhase section */
		B73006541D6D254D00E77012 /* Sources */ = {
			isa = PBXSourcesBuildPhase;
			buildActionMask = 2147483647;
			files = (
				B730065E1D6D254D00E77012 /* ViewController.swift in Sources */,
				B730065C1D6D254D00E77012 /* AppDelegate.swift in Sources */,
			);
			runOnlyForDeploymentPostprocessing = 0;
		};
/* End PBXSourcesBuildPhase section */

/* Begin PBXTargetDependency section */
		38426C7C1E84CB7F003754A0 /* PBXTargetDependency */ = {
			isa = PBXTargetDependency;
			name = XADDisplaySdk;
			targetProxy = 38426C7B1E84CB7F003754A0 /* PBXContainerItemProxy */;
		};
/* End PBXTargetDependency section */

/* Begin PBXVariantGroup section */
		B730065F1D6D254D00E77012 /* Main.storyboard */ = {
			isa = PBXVariantGroup;
			children = (
				B73006601D6D254D00E77012 /* Base */,
			);
			name = Main.storyboard;
			sourceTree = "<group>";
		};
		B73006641D6D254D00E77012 /* LaunchScreen.storyboard */ = {
			isa = PBXVariantGroup;
			children = (
				B73006651D6D254D00E77012 /* Base */,
			);
			name = LaunchScreen.storyboard;
			sourceTree = "<group>";
		};
/* End PBXVariantGroup section */

/* Begin XCBuildConfiguration section */
		B730067E1D6D254D00E77012 /* Debug */ = {
			isa = XCBuildConfiguration;
			buildSettings = {
				ALWAYS_SEARCH_USER_PATHS = NO;
				CLANG_ANALYZER_NONNULL = YES;
				CLANG_CXX_LANGUAGE_STANDARD = "gnu++0x";
				CLANG_CXX_LIBRARY = "libc++";
				CLANG_ENABLE_MODULES = YES;
				CLANG_ENABLE_OBJC_ARC = YES;
				CLANG_WARN_BOOL_CONVERSION = YES;
				CLANG_WARN_CONSTANT_CONVERSION = YES;
				CLANG_WARN_DIRECT_OBJC_ISA_USAGE = YES_ERROR;
				CLANG_WARN_EMPTY_BODY = YES;
				CLANG_WARN_ENUM_CONVERSION = YES;
				CLANG_WARN_INFINITE_RECURSION = YES;
				CLANG_WARN_INT_CONVERSION = YES;
				CLANG_WARN_OBJC_ROOT_CLASS = YES_ERROR;
				CLANG_WARN_SUSPICIOUS_MOVE = YES;
				CLANG_WARN_UNREACHABLE_CODE = YES;
				CLANG_WARN__DUPLICATE_METHOD_MATCH = YES;
				"CODE_SIGN_IDENTITY[sdk=iphoneos*]" = "iPhone Developer";
				COPY_PHASE_STRIP = NO;
				DEBUG_INFORMATION_FORMAT = dwarf;
				ENABLE_STRICT_OBJC_MSGSEND = YES;
				ENABLE_TESTABILITY = YES;
				GCC_C_LANGUAGE_STANDARD = gnu99;
				GCC_DYNAMIC_NO_PIC = NO;
				GCC_NO_COMMON_BLOCKS = YES;
				GCC_OPTIMIZATION_LEVEL = 0;
				GCC_PREPROCESSOR_DEFINITIONS = (
					"DEBUG=1",
					"$(inherited)",
				);
				GCC_WARN_64_TO_32_BIT_CONVERSION = YES;
				GCC_WARN_ABOUT_RETURN_TYPE = YES_ERROR;
				GCC_WARN_UNDECLARED_SELECTOR = YES;
				GCC_WARN_UNINITIALIZED_AUTOS = YES_AGGRESSIVE;
				GCC_WARN_UNUSED_FUNCTION = YES;
				GCC_WARN_UNUSED_VARIABLE = YES;
				IPHONEOS_DEPLOYMENT_TARGET = 9.3;
				MTL_ENABLE_DEBUG_INFO = YES;
				ONLY_ACTIVE_ARCH = YES;
				SDKROOT = iphoneos;
				SWIFT_OPTIMIZATION_LEVEL = "-Onone";
				TARGETED_DEVICE_FAMILY = "1,2";
			};
			name = Debug;
		};
		B730067F1D6D254D00E77012 /* Release */ = {
			isa = XCBuildConfiguration;
			buildSettings = {
				ALWAYS_SEARCH_USER_PATHS = NO;
				CLANG_ANALYZER_NONNULL = YES;
				CLANG_CXX_LANGUAGE_STANDARD = "gnu++0x";
				CLANG_CXX_LIBRARY = "libc++";
				CLANG_ENABLE_MODULES = YES;
				CLANG_ENABLE_OBJC_ARC = YES;
				CLANG_WARN_BOOL_CONVERSION = YES;
				CLANG_WARN_CONSTANT_CONVERSION = YES;
				CLANG_WARN_DIRECT_OBJC_ISA_USAGE = YES_ERROR;
				CLANG_WARN_EMPTY_BODY = YES;
				CLANG_WARN_ENUM_CONVERSION = YES;
				CLANG_WARN_INFINITE_RECURSION = YES;
				CLANG_WARN_INT_CONVERSION = YES;
				CLANG_WARN_OBJC_ROOT_CLASS = YES_ERROR;
				CLANG_WARN_SUSPICIOUS_MOVE = YES;
				CLANG_WARN_UNREACHABLE_CODE = YES;
				CLANG_WARN__DUPLICATE_METHOD_MATCH = YES;
				"CODE_SIGN_IDENTITY[sdk=iphoneos*]" = "iPhone Developer";
				COPY_PHASE_STRIP = NO;
				DEBUG_INFORMATION_FORMAT = "dwarf-with-dsym";
				ENABLE_NS_ASSERTIONS = NO;
				ENABLE_STRICT_OBJC_MSGSEND = YES;
				GCC_C_LANGUAGE_STANDARD = gnu99;
				GCC_NO_COMMON_BLOCKS = YES;
				GCC_WARN_64_TO_32_BIT_CONVERSION = YES;
				GCC_WARN_ABOUT_RETURN_TYPE = YES_ERROR;
				GCC_WARN_UNDECLARED_SELECTOR = YES;
				GCC_WARN_UNINITIALIZED_AUTOS = YES_AGGRESSIVE;
				GCC_WARN_UNUSED_FUNCTION = YES;
				GCC_WARN_UNUSED_VARIABLE = YES;
				IPHONEOS_DEPLOYMENT_TARGET = 9.3;
				MTL_ENABLE_DEBUG_INFO = NO;
				SDKROOT = iphoneos;
				SWIFT_OPTIMIZATION_LEVEL = "-Owholemodule";
				TARGETED_DEVICE_FAMILY = "1,2";
				VALIDATE_PRODUCT = YES;
			};
			name = Release;
		};
		B73006811D6D254D00E77012 /* Debug */ = {
			isa = XCBuildConfiguration;
			buildSettings = {
				ALWAYS_EMBED_SWIFT_STANDARD_LIBRARIES = YES;
				ASSETCATALOG_COMPILER_APPICON_NAME = AppIcon;
				DEVELOPMENT_TEAM = 7S36YSK9RV;
				FRAMEWORK_SEARCH_PATHS = (
					"$(inherited)",
					"$(PROJECT_DIR)",
				);
				INFOPLIST_FILE = XADDisplayDemo/Info.plist;
				LD_RUNPATH_SEARCH_PATHS = "$(inherited) @executable_path/Frameworks";
				ONLY_ACTIVE_ARCH = YES;
				PRODUCT_BUNDLE_IDENTIFIER = com.groundtruth.sdk.displaysdk.basic.demo.enterprise;
				PRODUCT_NAME = "$(TARGET_NAME)";
				SUPPORTED_PLATFORMS = "iphonesimulator iphoneos";
				SWIFT_VERSION = 3.0;
				VALID_ARCHS = "arm64 armv7 armv7s";
			};
			name = Debug;
		};
		B73006821D6D254D00E77012 /* Release */ = {
			isa = XCBuildConfiguration;
			buildSettings = {
				ALWAYS_EMBED_SWIFT_STANDARD_LIBRARIES = YES;
				ASSETCATALOG_COMPILER_APPICON_NAME = AppIcon;
				DEVELOPMENT_TEAM = 7S36YSK9RV;
				FRAMEWORK_SEARCH_PATHS = (
					"$(inherited)",
					"$(PROJECT_DIR)",
				);
				INFOPLIST_FILE = XADDisplayDemo/Info.plist;
				LD_RUNPATH_SEARCH_PATHS = "$(inherited) @executable_path/Frameworks";
				ONLY_ACTIVE_ARCH = YES;
				PRODUCT_BUNDLE_IDENTIFIER = com.groundtruth.sdk.displaysdk.basic.demo.enterprise;
				PRODUCT_NAME = "$(TARGET_NAME)";
				SUPPORTED_PLATFORMS = "iphonesimulator iphoneos";
				SWIFT_VERSION = 3.0;
				VALID_ARCHS = "arm64 armv7 armv7s";
			};
			name = Release;
		};
/* End XCBuildConfiguration section */

/* Begin XCConfigurationList section */
		B73006531D6D254D00E77012 /* Build configuration list for PBXProject "XADDisplayDemo" */ = {
			isa = XCConfigurationList;
			buildConfigurations = (
				B730067E1D6D254D00E77012 /* Debug */,
				B730067F1D6D254D00E77012 /* Release */,
			);
			defaultConfigurationIsVisible = 0;
			defaultConfigurationName = Release;
		};
		B73006801D6D254D00E77012 /* Build configuration list for PBXNativeTarget "XADDisplayDemo" */ = {
			isa = XCConfigurationList;
			buildConfigurations = (
				B73006811D6D254D00E77012 /* Debug */,
				B73006821D6D254D00E77012 /* Release */,
			);
			defaultConfigurationIsVisible = 0;
			defaultConfigurationName = Release;
		};
/* End XCConfigurationList section */
	};
	rootObject = B73006501D6D254D00E77012 /* Project object */;
}
